// !$*UTF8*$!
{
	archiveVersion = 1;
	classes = {
	};
	objectVersion = 48;
	objects = {

/* Begin PBXBuildFile section */
		D444464D200A7A9200DD0720 /* AppDelegate.swift in Sources */ = {isa = PBXBuildFile; fileRef = D444464C200A7A9200DD0720 /* AppDelegate.swift */; };
		D444464F200A7A9200DD0720 /* ViewController.swift in Sources */ = {isa = PBXBuildFile; fileRef = D444464E200A7A9200DD0720 /* ViewController.swift */; };
		D4444652200A7A9200DD0720 /* Main.storyboard in Resources */ = {isa = PBXBuildFile; fileRef = D4444650200A7A9200DD0720 /* Main.storyboard */; };
		D4444654200A7A9200DD0720 /* Assets.xcassets in Resources */ = {isa = PBXBuildFile; fileRef = D4444653200A7A9200DD0720 /* Assets.xcassets */; };
		D4444657200A7A9200DD0720 /* LaunchScreen.storyboard in Resources */ = {isa = PBXBuildFile; fileRef = D4444655200A7A9200DD0720 /* LaunchScreen.storyboard */; };
		D4444662200A7A9200DD0720 /* dashCamTests.swift in Sources */ = {isa = PBXBuildFile; fileRef = D4444661200A7A9200DD0720 /* dashCamTests.swift */; };
		D444466D200A7A9200DD0720 /* dashCamUITests.swift in Sources */ = {isa = PBXBuildFile; fileRef = D444466C200A7A9200DD0720 /* dashCamUITests.swift */; };
/* End PBXBuildFile section */

/* Begin PBXContainerItemProxy section */
		D444465E200A7A9200DD0720 /* PBXContainerItemProxy */ = {
			isa = PBXContainerItemProxy;
			containerPortal = D4444641200A7A9200DD0720 /* Project object */;
			proxyType = 1;
			remoteGlobalIDString = D4444648200A7A9200DD0720;
			remoteInfo = dashCam;
		};
		D4444669200A7A9200DD0720 /* PBXContainerItemProxy */ = {
			isa = PBXContainerItemProxy;
			containerPortal = D4444641200A7A9200DD0720 /* Project object */;
			proxyType = 1;
			remoteGlobalIDString = D4444648200A7A9200DD0720;
			remoteInfo = dashCam;
		};
/* End PBXContainerItemProxy section */

/* Begin PBXFileReference section */
		D4444649200A7A9200DD0720 /* dashCam.app */ = {isa = PBXFileReference; explicitFileType = wrapper.application; includeInIndex = 0; path = dashCam.app; sourceTree = BUILT_PRODUCTS_DIR; };
		D444464C200A7A9200DD0720 /* AppDelegate.swift */ = {isa = PBXFileReference; lastKnownFileType = sourcecode.swift; path = AppDelegate.swift; sourceTree = "<group>"; };
		D444464E200A7A9200DD0720 /* ViewController.swift */ = {isa = PBXFileReference; lastKnownFileType = sourcecode.swift; path = ViewController.swift; sourceTree = "<group>"; };
		D4444651200A7A9200DD0720 /* Base */ = {isa = PBXFileReference; lastKnownFileType = file.storyboard; name = Base; path = Base.lproj/Main.storyboard; sourceTree = "<group>"; };
		D4444653200A7A9200DD0720 /* Assets.xcassets */ = {isa = PBXFileReference; lastKnownFileType = folder.assetcatalog; path = Assets.xcassets; sourceTree = "<group>"; };
		D4444656200A7A9200DD0720 /* Base */ = {isa = PBXFileReference; lastKnownFileType = file.storyboard; name = Base; path = Base.lproj/LaunchScreen.storyboard; sourceTree = "<group>"; };
		D4444658200A7A9200DD0720 /* Info.plist */ = {isa = PBXFileReference; lastKnownFileType = text.plist.xml; path = Info.plist; sourceTree = "<group>"; };
		D444465D200A7A9200DD0720 /* dashCamTests.xctest */ = {isa = PBXFileReference; explicitFileType = wrapper.cfbundle; includeInIndex = 0; path = dashCamTests.xctest; sourceTree = BUILT_PRODUCTS_DIR; };
		D4444661200A7A9200DD0720 /* dashCamTests.swift */ = {isa = PBXFileReference; lastKnownFileType = sourcecode.swift; path = dashCamTests.swift; sourceTree = "<group>"; };
		D4444663200A7A9200DD0720 /* Info.plist */ = {isa = PBXFileReference; lastKnownFileType = text.plist.xml; path = Info.plist; sourceTree = "<group>"; };
		D4444668200A7A9200DD0720 /* dashCamUITests.xctest */ = {isa = PBXFileReference; explicitFileType = wrapper.cfbundle; includeInIndex = 0; path = dashCamUITests.xctest; sourceTree = BUILT_PRODUCTS_DIR; };
		D444466C200A7A9200DD0720 /* dashCamUITests.swift */ = {isa = PBXFileReference; lastKnownFileType = sourcecode.swift; path = dashCamUITests.swift; sourceTree = "<group>"; };
		D444466E200A7A9200DD0720 /* Info.plist */ = {isa = PBXFileReference; lastKnownFileType = text.plist.xml; path = Info.plist; sourceTree = "<group>"; };
/* End PBXFileReference section */

/* Begin PBXFrameworksBuildPhase section */
		D4444646200A7A9200DD0720 /* Frameworks */ = {
			isa = PBXFrameworksBuildPhase;
			buildActionMask = 2147483647;
			files = (
			);
			runOnlyForDeploymentPostprocessing = 0;
		};
		D444465A200A7A9200DD0720 /* Frameworks */ = {
			isa = PBXFrameworksBuildPhase;
			buildActionMask = 2147483647;
			files = (
			);
			runOnlyForDeploymentPostprocessing = 0;
		};
		D4444665200A7A9200DD0720 /* Frameworks */ = {
			isa = PBXFrameworksBuildPhase;
			buildActionMask = 2147483647;
			files = (
			);
			runOnlyForDeploymentPostprocessing = 0;
		};
/* End PBXFrameworksBuildPhase section */

/* Begin PBXGroup section */
		D4444640200A7A9200DD0720 = {
			isa = PBXGroup;
			children = (
				D444464B200A7A9200DD0720 /* dashCam */,
				D4444660200A7A9200DD0720 /* dashCamTests */,
				D444466B200A7A9200DD0720 /* dashCamUITests */,
				D444464A200A7A9200DD0720 /* Products */,
			);
			sourceTree = "<group>";
		};
		D444464A200A7A9200DD0720 /* Products */ = {
			isa = PBXGroup;
			children = (
				D4444649200A7A9200DD0720 /* dashCam.app */,
				D444465D200A7A9200DD0720 /* dashCamTests.xctest */,
				D4444668200A7A9200DD0720 /* dashCamUITests.xctest */,
			);
			name = Products;
			sourceTree = "<group>";
		};
		D444464B200A7A9200DD0720 /* dashCam */ = {
			isa = PBXGroup;
			children = (
				D444464C200A7A9200DD0720 /* AppDelegate.swift */,
				D444464E200A7A9200DD0720 /* ViewController.swift */,
				D4444650200A7A9200DD0720 /* Main.storyboard */,
				D4444653200A7A9200DD0720 /* Assets.xcassets */,
				D4444655200A7A9200DD0720 /* LaunchScreen.storyboard */,
				D4444658200A7A9200DD0720 /* Info.plist */,
			);
			path = dashCam;
			sourceTree = "<group>";
		};
		D4444660200A7A9200DD0720 /* dashCamTests */ = {
			isa = PBXGroup;
			children = (
				D4444661200A7A9200DD0720 /* dashCamTests.swift */,
				D4444663200A7A9200DD0720 /* Info.plist */,
			);
			path = dashCamTests;
			sourceTree = "<group>";
		};
		D444466B200A7A9200DD0720 /* dashCamUITests */ = {
			isa = PBXGroup;
			children = (
				D444466C200A7A9200DD0720 /* dashCamUITests.swift */,
				D444466E200A7A9200DD0720 /* Info.plist */,
			);
			path = dashCamUITests;
			sourceTree = "<group>";
		};
/* End PBXGroup section */

/* Begin PBXNativeTarget section */
		D4444648200A7A9200DD0720 /* dashCam */ = {
			isa = PBXNativeTarget;
			buildConfigurationList = D4444671200A7A9200DD0720 /* Build configuration list for PBXNativeTarget "dashCam" */;
			buildPhases = (
				D4444645200A7A9200DD0720 /* Sources */,
				D4444646200A7A9200DD0720 /* Frameworks */,
				D4444647200A7A9200DD0720 /* Resources */,
			);
			buildRules = (
			);
			dependencies = (
			);
			name = dashCam;
			productName = dashCam;
			productReference = D4444649200A7A9200DD0720 /* dashCam.app */;
			productType = "com.apple.product-type.application";
		};
		D444465C200A7A9200DD0720 /* dashCamTests */ = {
			isa = PBXNativeTarget;
			buildConfigurationList = D4444674200A7A9200DD0720 /* Build configuration list for PBXNativeTarget "dashCamTests" */;
			buildPhases = (
				D4444659200A7A9200DD0720 /* Sources */,
				D444465A200A7A9200DD0720 /* Frameworks */,
				D444465B200A7A9200DD0720 /* Resources */,
			);
			buildRules = (
			);
			dependencies = (
				D444465F200A7A9200DD0720 /* PBXTargetDependency */,
			);
			name = dashCamTests;
			productName = dashCamTests;
			productReference = D444465D200A7A9200DD0720 /* dashCamTests.xctest */;
			productType = "com.apple.product-type.bundle.unit-test";
		};
		D4444667200A7A9200DD0720 /* dashCamUITests */ = {
			isa = PBXNativeTarget;
			buildConfigurationList = D4444677200A7A9200DD0720 /* Build configuration list for PBXNativeTarget "dashCamUITests" */;
			buildPhases = (
				D4444664200A7A9200DD0720 /* Sources */,
				D4444665200A7A9200DD0720 /* Frameworks */,
				D4444666200A7A9200DD0720 /* Resources */,
			);
			buildRules = (
			);
			dependencies = (
				D444466A200A7A9200DD0720 /* PBXTargetDependency */,
			);
			name = dashCamUITests;
			productName = dashCamUITests;
			productReference = D4444668200A7A9200DD0720 /* dashCamUITests.xctest */;
			productType = "com.apple.product-type.bundle.ui-testing";
		};
/* End PBXNativeTarget section */

/* Begin PBXProject section */
		D4444641200A7A9200DD0720 /* Project object */ = {
			isa = PBXProject;
			attributes = {
				LastSwiftUpdateCheck = 0920;
				LastUpgradeCheck = 0920;
				ORGANIZATIONNAME = "Daniel Bellonzi";
				TargetAttributes = {
					D4444648200A7A9200DD0720 = {
						CreatedOnToolsVersion = 9.2;
						ProvisioningStyle = Automatic;
					};
					D444465C200A7A9200DD0720 = {
						CreatedOnToolsVersion = 9.2;
						ProvisioningStyle = Automatic;
						TestTargetID = D4444648200A7A9200DD0720;
					};
					D4444667200A7A9200DD0720 = {
						CreatedOnToolsVersion = 9.2;
						ProvisioningStyle = Automatic;
						TestTargetID = D4444648200A7A9200DD0720;
					};
				};
			};
			buildConfigurationList = D4444644200A7A9200DD0720 /* Build configuration list for PBXProject "dashCam" */;
			compatibilityVersion = "Xcode 8.0";
			developmentRegion = en;
			hasScannedForEncodings = 0;
			knownRegions = (
				en,
				Base,
			);
			mainGroup = D4444640200A7A9200DD0720;
			productRefGroup = D444464A200A7A9200DD0720 /* Products */;
			projectDirPath = "";
			projectRoot = "";
			targets = (
				D4444648200A7A9200DD0720 /* dashCam */,
				D444465C200A7A9200DD0720 /* dashCamTests */,
				D4444667200A7A9200DD0720 /* dashCamUITests */,
			);
		};
/* End PBXProject section */

/* Begin PBXResourcesBuildPhase section */
		D4444647200A7A9200DD0720 /* Resources */ = {
			isa = PBXResourcesBuildPhase;
			buildActionMask = 2147483647;
			files = (
				D4444657200A7A9200DD0720 /* LaunchScreen.storyboard in Resources */,
				D4444654200A7A9200DD0720 /* Assets.xcassets in Resources */,
				D4444652200A7A9200DD0720 /* Main.storyboard in Resources */,
			);
			runOnlyForDeploymentPostprocessing = 0;
		};
		D444465B200A7A9200DD0720 /* Resources */ = {
			isa = PBXResourcesBuildPhase;
			buildActionMask = 2147483647;
			files = (
			);
			runOnlyForDeploymentPostprocessing = 0;
		};
		D4444666200A7A9200DD0720 /* Resources */ = {
			isa = PBXResourcesBuildPhase;
			buildActionMask = 2147483647;
			files = (
			);
			runOnlyForDeploymentPostprocessing = 0;
		};
/* End PBXResourcesBuildPhase section */

/* Begin PBXSourcesBuildPhase section */
		D4444645200A7A9200DD0720 /* Sources */ = {
			isa = PBXSourcesBuildPhase;
			buildActionMask = 2147483647;
			files = (
				D444464F200A7A9200DD0720 /* ViewController.swift in Sources */,
				D444464D200A7A9200DD0720 /* AppDelegate.swift in Sources */,
			);
			runOnlyForDeploymentPostprocessing = 0;
		};
		D4444659200A7A9200DD0720 /* Sources */ = {
			isa = PBXSourcesBuildPhase;
			buildActionMask = 2147483647;
			files = (
				D4444662200A7A9200DD0720 /* dashCamTests.swift in Sources */,
			);
			runOnlyForDeploymentPostprocessing = 0;
		};
		D4444664200A7A9200DD0720 /* Sources */ = {
			isa = PBXSourcesBuildPhase;
			buildActionMask = 2147483647;
			files = (
				D444466D200A7A9200DD0720 /* dashCamUITests.swift in Sources */,
			);
			runOnlyForDeploymentPostprocessing = 0;
		};
/* End PBXSourcesBuildPhase section */

/* Begin PBXTargetDependency section */
		D444465F200A7A9200DD0720 /* PBXTargetDependency */ = {
			isa = PBXTargetDependency;
			target = D4444648200A7A9200DD0720 /* dashCam */;
			targetProxy = D444465E200A7A9200DD0720 /* PBXContainerItemProxy */;
		};
		D444466A200A7A9200DD0720 /* PBXTargetDependency */ = {
			isa = PBXTargetDependency;
			target = D4444648200A7A9200DD0720 /* dashCam */;
			targetProxy = D4444669200A7A9200DD0720 /* PBXContainerItemProxy */;
		};
/* End PBXTargetDependency section */

/* Begin PBXVariantGroup section */
		D4444650200A7A9200DD0720 /* Main.storyboard */ = {
			isa = PBXVariantGroup;
			children = (
				D4444651200A7A9200DD0720 /* Base */,
			);
			name = Main.storyboard;
			sourceTree = "<group>";
		};
		D4444655200A7A9200DD0720 /* LaunchScreen.storyboard */ = {
			isa = PBXVariantGroup;
			children = (
				D4444656200A7A9200DD0720 /* Base */,
			);
			name = LaunchScreen.storyboard;
			sourceTree = "<group>";
		};
/* End PBXVariantGroup section */

/* Begin XCBuildConfiguration section */
		D444466F200A7A9200DD0720 /* Debug */ = {
			isa = XCBuildConfiguration;
			buildSettings = {
				ALWAYS_SEARCH_USER_PATHS = NO;
				CLANG_ANALYZER_NONNULL = YES;
				CLANG_ANALYZER_NUMBER_OBJECT_CONVERSION = YES_AGGRESSIVE;
				CLANG_CXX_LANGUAGE_STANDARD = "gnu++14";
				CLANG_CXX_LIBRARY = "libc++";
				CLANG_ENABLE_MODULES = YES;
				CLANG_ENABLE_OBJC_ARC = YES;
				CLANG_WARN_BLOCK_CAPTURE_AUTORELEASING = YES;
				CLANG_WARN_BOOL_CONVERSION = YES;
				CLANG_WARN_COMMA = YES;
				CLANG_WARN_CONSTANT_CONVERSION = YES;
				CLANG_WARN_DIRECT_OBJC_ISA_USAGE = YES_ERROR;
				CLANG_WARN_DOCUMENTATION_COMMENTS = YES;
				CLANG_WARN_EMPTY_BODY = YES;
				CLANG_WARN_ENUM_CONVERSION = YES;
				CLANG_WARN_INFINITE_RECURSION = YES;
				CLANG_WARN_INT_CONVERSION = YES;
				CLANG_WARN_NON_LITERAL_NULL_CONVERSION = YES;
				CLANG_WARN_OBJC_LITERAL_CONVERSION = YES;
				CLANG_WARN_OBJC_ROOT_CLASS = YES_ERROR;
				CLANG_WARN_RANGE_LOOP_ANALYSIS = YES;
				CLANG_WARN_STRICT_PROTOTYPES = YES;
				CLANG_WARN_SUSPICIOUS_MOVE = YES;
				CLANG_WARN_UNGUARDED_AVAILABILITY = YES_AGGRESSIVE;
				CLANG_WARN_UNREACHABLE_CODE = YES;
				CLANG_WARN__DUPLICATE_METHOD_MATCH = YES;
				CODE_SIGN_IDENTITY = "iPhone Developer";
				COPY_PHASE_STRIP = NO;
				DEBUG_INFORMATION_FORMAT = dwarf;
				ENABLE_STRICT_OBJC_MSGSEND = YES;
				ENABLE_TESTABILITY = YES;
				GCC_C_LANGUAGE_STANDARD = gnu11;
				GCC_DYNAMIC_NO_PIC = NO;
				GCC_NO_COMMON_BLOCKS = YES;
				GCC_OPTIMIZATION_LEVEL = 0;
				GCC_PREPROCESSOR_DEFINITIONS = (
					"DEBUG=1",
					"$(inherited)",
				);
				GCC_WARN_64_TO_32_BIT_CONVERSION = YES;
				GCC_WARN_ABOUT_RETURN_TYPE = YES_ERROR;
				GCC_WARN_UNDECLARED_SELECTOR = YES;
				GCC_WARN_UNINITIALIZED_AUTOS = YES_AGGRESSIVE;
				GCC_WARN_UNUSED_FUNCTION = YES;
				GCC_WARN_UNUSED_VARIABLE = YES;
				IPHONEOS_DEPLOYMENT_TARGET = 11.2;
				MTL_ENABLE_DEBUG_INFO = YES;
				ONLY_ACTIVE_ARCH = YES;
				SDKROOT = iphoneos;
				SWIFT_ACTIVE_COMPILATION_CONDITIONS = DEBUG;
				SWIFT_OPTIMIZATION_LEVEL = "-Onone";
			};
			name = Debug;
		};
		D4444670200A7A9200DD0720 /* Release */ = {
			isa = XCBuildConfiguration;
			buildSettings = {
				ALWAYS_SEARCH_USER_PATHS = NO;
				CLANG_ANALYZER_NONNULL = YES;
				CLANG_ANALYZER_NUMBER_OBJECT_CONVERSION = YES_AGGRESSIVE;
				CLANG_CXX_LANGUAGE_STANDARD = "gnu++14";
				CLANG_CXX_LIBRARY = "libc++";
				CLANG_ENABLE_MODULES = YES;
				CLANG_ENABLE_OBJC_ARC = YES;
				CLANG_WARN_BLOCK_CAPTURE_AUTORELEASING = YES;
				CLANG_WARN_BOOL_CONVERSION = YES;
				CLANG_WARN_COMMA = YES;
				CLANG_WARN_CONSTANT_CONVERSION = YES;
				CLANG_WARN_DIRECT_OBJC_ISA_USAGE = YES_ERROR;
				CLANG_WARN_DOCUMENTATION_COMMENTS = YES;
				CLANG_WARN_EMPTY_BODY = YES;
				CLANG_WARN_ENUM_CONVERSION = YES;
				CLANG_WARN_INFINITE_RECURSION = YES;
				CLANG_WARN_INT_CONVERSION = YES;
				CLANG_WARN_NON_LITERAL_NULL_CONVERSION = YES;
				CLANG_WARN_OBJC_LITERAL_CONVERSION = YES;
				CLANG_WARN_OBJC_ROOT_CLASS = YES_ERROR;
				CLANG_WARN_RANGE_LOOP_ANALYSIS = YES;
				CLANG_WARN_STRICT_PROTOTYPES = YES;
				CLANG_WARN_SUSPICIOUS_MOVE = YES;
				CLANG_WARN_UNGUARDED_AVAILABILITY = YES_AGGRESSIVE;
				CLANG_WARN_UNREACHABLE_CODE = YES;
				CLANG_WARN__DUPLICATE_METHOD_MATCH = YES;
				CODE_SIGN_IDENTITY = "iPhone Developer";
				COPY_PHASE_STRIP = NO;
				DEBUG_INFORMATION_FORMAT = "dwarf-with-dsym";
				ENABLE_NS_ASSERTIONS = NO;
				ENABLE_STRICT_OBJC_MSGSEND = YES;
				GCC_C_LANGUAGE_STANDARD = gnu11;
				GCC_NO_COMMON_BLOCKS = YES;
				GCC_WARN_64_TO_32_BIT_CONVERSION = YES;
				GCC_WARN_ABOUT_RETURN_TYPE = YES_ERROR;
				GCC_WARN_UNDECLARED_SELECTOR = YES;
				GCC_WARN_UNINITIALIZED_AUTOS = YES_AGGRESSIVE;
				GCC_WARN_UNUSED_FUNCTION = YES;
				GCC_WARN_UNUSED_VARIABLE = YES;
				IPHONEOS_DEPLOYMENT_TARGET = 11.2;
				MTL_ENABLE_DEBUG_INFO = NO;
				SDKROOT = iphoneos;
				SWIFT_OPTIMIZATION_LEVEL = "-Owholemodule";
				VALIDATE_PRODUCT = YES;
			};
			name = Release;
		};
		D4444672200A7A9200DD0720 /* Debug */ = {
			isa = XCBuildConfiguration;
			buildSettings = {
				ASSETCATALOG_COMPILER_APPICON_NAME = AppIcon;
				CODE_SIGN_STYLE = Automatic;
				INFOPLIST_FILE = dashCam/Info.plist;
				LD_RUNPATH_SEARCH_PATHS = "$(inherited) @executable_path/Frameworks";
				PRODUCT_BUNDLE_IDENTIFIER = dbellonzi.dashCam;
				PRODUCT_NAME = "$(TARGET_NAME)";
				SWIFT_VERSION = 4.0;
				TARGETED_DEVICE_FAMILY = "1,2";
			};
			name = Debug;
		};
		D4444673200A7A9200DD0720 /* Release */ = {
			isa = XCBuildConfiguration;
			buildSettings = {
				ASSETCATALOG_COMPILER_APPICON_NAME = AppIcon;
				CODE_SIGN_STYLE = Automatic;
				INFOPLIST_FILE = dashCam/Info.plist;
				LD_RUNPATH_SEARCH_PATHS = "$(inherited) @executable_path/Frameworks";
				PRODUCT_BUNDLE_IDENTIFIER = dbellonzi.dashCam;
				PRODUCT_NAME = "$(TARGET_NAME)";
				SWIFT_VERSION = 4.0;
				TARGETED_DEVICE_FAMILY = "1,2";
			};
			name = Release;
		};
		D4444675200A7A9200DD0720 /* Debug */ = {
			isa = XCBuildConfiguration;
			buildSettings = {
				ALWAYS_EMBED_SWIFT_STANDARD_LIBRARIES = YES;
				BUNDLE_LOADER = "$(TEST_HOST)";
				CODE_SIGN_STYLE = Automatic;
				INFOPLIST_FILE = dashCamTests/Info.plist;
				LD_RUNPATH_SEARCH_PATHS = "$(inherited) @executable_path/Frameworks @loader_path/Frameworks";
				PRODUCT_BUNDLE_IDENTIFIER = dbellonzi.dashCamTests;
				PRODUCT_NAME = "$(TARGET_NAME)";
				SWIFT_VERSION = 4.0;
				TARGETED_DEVICE_FAMILY = "1,2";
				TEST_HOST = "$(BUILT_PRODUCTS_DIR)/dashCam.app/dashCam";
			};
			name = Debug;
		};
		D4444676200A7A9200DD0720 /* Release */ = {
			isa = XCBuildConfiguration;
			buildSettings = {
				ALWAYS_EMBED_SWIFT_STANDARD_LIBRARIES = YES;
				BUNDLE_LOADER = "$(TEST_HOST)";
				CODE_SIGN_STYLE = Automatic;
				INFOPLIST_FILE = dashCamTests/Info.plist;
				LD_RUNPATH_SEARCH_PATHS = "$(inherited) @executable_path/Frameworks @loader_path/Frameworks";
				PRODUCT_BUNDLE_IDENTIFIER = dbellonzi.dashCamTests;
				PRODUCT_NAME = "$(TARGET_NAME)";
				SWIFT_VERSION = 4.0;
				TARGETED_DEVICE_FAMILY = "1,2";
				TEST_HOST = "$(BUILT_PRODUCTS_DIR)/dashCam.app/dashCam";
			};
			name = Release;
		};
		D4444678200A7A9200DD0720 /* Debug */ = {
			isa = XCBuildConfiguration;
			buildSettings = {
				ALWAYS_EMBED_SWIFT_STANDARD_LIBRARIES = YES;
				CODE_SIGN_STYLE = Automatic;
				INFOPLIST_FILE = dashCamUITests/Info.plist;
				LD_RUNPATH_SEARCH_PATHS = "$(inherited) @executable_path/Frameworks @loader_path/Frameworks";
				PRODUCT_BUNDLE_IDENTIFIER = dbellonzi.dashCamUITests;
				PRODUCT_NAME = "$(TARGET_NAME)";
				SWIFT_VERSION = 4.0;
				TARGETED_DEVICE_FAMILY = "1,2";
				TEST_TARGET_NAME = dashCam;
			};
			name = Debug;
		};
		D4444679200A7A9200DD0720 /* Release */ = {
			isa = XCBuildConfiguration;
			buildSettings = {
				ALWAYS_EMBED_SWIFT_STANDARD_LIBRARIES = YES;
				CODE_SIGN_STYLE = Automatic;
				INFOPLIST_FILE = dashCamUITests/Info.plist;
				LD_RUNPATH_SEARCH_PATHS = "$(inherited) @executable_path/Frameworks @loader_path/Frameworks";
				PRODUCT_BUNDLE_IDENTIFIER = dbellonzi.dashCamUITests;
				PRODUCT_NAME = "$(TARGET_NAME)";
				SWIFT_VERSION = 4.0;
				TARGETED_DEVICE_FAMILY = "1,2";
				TEST_TARGET_NAME = dashCam;
			};
			name = Release;
		};
/* End XCBuildConfiguration section */

/* Begin XCConfigurationList section */
		D4444644200A7A9200DD0720 /* Build configuration list for PBXProject "dashCam" */ = {
			isa = XCConfigurationList;
			buildConfigurations = (
				D444466F200A7A9200DD0720 /* Debug */,
				D4444670200A7A9200DD0720 /* Release */,
			);
			defaultConfigurationIsVisible = 0;
			defaultConfigurationName = Release;
		};
		D4444671200A7A9200DD0720 /* Build configuration list for PBXNativeTarget "dashCam" */ = {
			isa = XCConfigurationList;
			buildConfigurations = (
				D4444672200A7A9200DD0720 /* Debug */,
				D4444673200A7A9200DD0720 /* Release */,
			);
			defaultConfigurationIsVisible = 0;
			defaultConfigurationName = Release;
		};
		D4444674200A7A9200DD0720 /* Build configuration list for PBXNativeTarget "dashCamTests" */ = {
			isa = XCConfigurationList;
			buildConfigurations = (
				D4444675200A7A9200DD0720 /* Debug */,
				D4444676200A7A9200DD0720 /* Release */,
			);
			defaultConfigurationIsVisible = 0;
			defaultConfigurationName = Release;
		};
		D4444677200A7A9200DD0720 /* Build configuration list for PBXNativeTarget "dashCamUITests" */ = {
			isa = XCConfigurationList;
			buildConfigurations = (
				D4444678200A7A9200DD0720 /* Debug */,
				D4444679200A7A9200DD0720 /* Release */,
			);
			defaultConfigurationIsVisible = 0;
			defaultConfigurationName = Release;
		};
/* End XCConfigurationList section */
	};
	rootObject = D4444641200A7A9200DD0720 /* Project object */;
}
